
Microsoft Visual Studio Solution File, Format Version 10.00
# Visual Studio 2008
Project("{FAE04EC0-301F-11D3-BF4B-00C04F79EFBC}") = "InterviewTest", "InterviewTest\InterviewTest.csproj", "{A9A15271-E1D1-48E0-8A49-B98826C1C47C}"
EndProject
Global
	GlobalSection(SolutionConfigurationPlatforms) = preSolution
		Debug|Any CPU = Debug|Any CPU
		Release|Any CPU = Release|Any CPU
	EndGlobalSection
	GlobalSection(ProjectConfigurationPlatforms) = postSolution
		{A9A15271-E1D1-48E0-8A49-B98826C1C47C}.Debug|Any CPU.ActiveCfg = Debug|Any CPU
		{A9A15271-E1D1-48E0-8A49-B98826C1C47C}.Debug|Any CPU.Build.0 = Debug|Any CPU
		{A9A15271-E1D1-48E0-8A49-B98826C1C47C}.Release|Any CPU.ActiveCfg = Release|Any CPU
		{A9A15271-E1D1-48E0-8A49-B98826C1C47C}.Release|Any CPU.Build.0 = Release|Any CPU
	EndGlobalSection
	GlobalSection(SolutionProperties) = preSolution
		HideSolutionNode = FALSE
	EndGlobalSection
EndGlobal
